
Microsoft Visual Studio Solution File, Format Version 12.00
# Visual Studio Version 17
VisualStudioVersion = 17.3.32929.385
MinimumVisualStudioVersion = 10.0.40219.1
Project("{FAE04EC0-301F-11D3-BF4B-00C04F79EFBC}") = "Prakt_4", "Prakt_4\Prakt_4.csproj", "{AD40418F-C15A-41BA-A7CF-AB28EB90D9FD}"
EndProject
Project("{FAE04EC0-301F-11D3-BF4B-00C04F79EFBC}") = "Zad_2", "Zad_2\Zad_2.csproj", "{89E4D87B-3AA6-4647-B2A6-C72A629B5382}"
EndProject
Project("{FAE04EC0-301F-11D3-BF4B-00C04F79EFBC}") = "ZAD_3", "ZAD_3\ZAD_3.csproj", "{1A8F59E3-6876-4B8D-BC2F-D4E4D45AC176}"
EndProject
Project("{FAE04EC0-301F-11D3-BF4B-00C04F79EFBC}") = "Zad_4", "Zad_4\Zad_4.csproj", "{CCF940A7-99A6-4B7B-B4AD-6653A5049584}"
EndProject
Project("{FAE04EC0-301F-11D3-BF4B-00C04F79EFBC}") = "ZAD_5", "ZAD_5\ZAD_5.csproj", "{D9A882D5-0BFD-4D7D-94D9-DB9F90CD8715}"
EndProject
Project("{FAE04EC0-301F-11D3-BF4B-00C04F79EFBC}") = "ZAD_6", "ZAD_6\ZAD_6.csproj", "{2A296042-F810-47E9-AA28-DD644C890C3B}"
EndProject
Global
	GlobalSection(SolutionConfigurationPlatforms) = preSolution
		Debug|Any CPU = Debug|Any CPU
		Release|Any CPU = Release|Any CPU
	EndGlobalSection
	GlobalSection(ProjectConfigurationPlatforms) = postSolution
		{AD40418F-C15A-41BA-A7CF-AB28EB90D9FD}.Debug|Any CPU.ActiveCfg = Debug|Any CPU
		{AD40418F-C15A-41BA-A7CF-AB28EB90D9FD}.Debug|Any CPU.Build.0 = Debug|Any CPU
		{AD40418F-C15A-41BA-A7CF-AB28EB90D9FD}.Release|Any CPU.ActiveCfg = Release|Any CPU
		{AD40418F-C15A-41BA-A7CF-AB28EB90D9FD}.Release|Any CPU.Build.0 = Release|Any CPU
		{89E4D87B-3AA6-4647-B2A6-C72A629B5382}.Debug|Any CPU.ActiveCfg = Debug|Any CPU
		{89E4D87B-3AA6-4647-B2A6-C72A629B5382}.Debug|Any CPU.Build.0 = Debug|Any CPU
		{89E4D87B-3AA6-4647-B2A6-C72A629B5382}.Release|Any CPU.ActiveCfg = Release|Any CPU
		{89E4D87B-3AA6-4647-B2A6-C72A629B5382}.Release|Any CPU.Build.0 = Release|Any CPU
		{1A8F59E3-6876-4B8D-BC2F-D4E4D45AC176}.Debug|Any CPU.ActiveCfg = Debug|Any CPU
		{1A8F59E3-6876-4B8D-BC2F-D4E4D45AC176}.Debug|Any CPU.Build.0 = Debug|Any CPU
		{1A8F59E3-6876-4B8D-BC2F-D4E4D45AC176}.Release|Any CPU.ActiveCfg = Release|Any CPU
		{1A8F59E3-6876-4B8D-BC2F-D4E4D45AC176}.Release|Any CPU.Build.0 = Release|Any CPU
		{CCF940A7-99A6-4B7B-B4AD-6653A5049584}.Debug|Any CPU.ActiveCfg = Debug|Any CPU
		{CCF940A7-99A6-4B7B-B4AD-6653A5049584}.Debug|Any CPU.Build.0 = Debug|Any CPU
		{CCF940A7-99A6-4B7B-B4AD-6653A5049584}.Release|Any CPU.ActiveCfg = Release|Any CPU
		{CCF940A7-99A6-4B7B-B4AD-6653A5049584}.Release|Any CPU.Build.0 = Release|Any CPU
		{D9A882D5-0BFD-4D7D-94D9-DB9F90CD8715}.Debug|Any CPU.ActiveCfg = Debug|Any CPU
		{D9A882D5-0BFD-4D7D-94D9-DB9F90CD8715}.Debug|Any CPU.Build.0 = Debug|Any CPU
		{D9A882D5-0BFD-4D7D-94D9-DB9F90CD8715}.Release|Any CPU.ActiveCfg = Release|Any CPU
		{D9A882D5-0BFD-4D7D-94D9-DB9F90CD8715}.Release|Any CPU.Build.0 = Release|Any CPU
		{2A296042-F810-47E9-AA28-DD644C890C3B}.Debug|Any CPU.ActiveCfg = Debug|Any CPU
		{2A296042-F810-47E9-AA28-DD644C890C3B}.Debug|Any CPU.Build.0 = Debug|Any CPU
		{2A296042-F810-47E9-AA28-DD644C890C3B}.Release|Any CPU.ActiveCfg = Release|Any CPU
		{2A296042-F810-47E9-AA28-DD644C890C3B}.Release|Any CPU.Build.0 = Release|Any CPU
	EndGlobalSection
	GlobalSection(SolutionProperties) = preSolution
		HideSolutionNode = FALSE
	EndGlobalSection
	GlobalSection(ExtensibilityGlobals) = postSolution
		SolutionGuid = {0A66EB99-C82F-42AD-A7A2-02B2A9E072B1}
	EndGlobalSection
EndGlobal
